// !$*UTF8*$!
{
	archiveVersion = 1;
	classes = {
	};
	objectVersion = 50;
	objects = {

/* Begin PBXBuildFile section */
		36789D40E1F2CA12D4F00F3E /* libPods-ReSwift-Example.a in Frameworks */ = {isa = PBXBuildFile; fileRef = A38B08431C9B638A63299696 /* libPods-ReSwift-Example.a */; };
		4C48D5D87238CFE318392A61 /* libPods-ReSwift-ExampleTests.a in Frameworks */ = {isa = PBXBuildFile; fileRef = FB81074E947C34AECD3EAAA4 /* libPods-ReSwift-ExampleTests.a */; };
		D4496C52209A1833005ADA9D /* AppDelegate.swift in Sources */ = {isa = PBXBuildFile; fileRef = D4496C51209A1833005ADA9D /* AppDelegate.swift */; };
		D4496C54209A1833005ADA9D /* ViewController.swift in Sources */ = {isa = PBXBuildFile; fileRef = D4496C53209A1833005ADA9D /* ViewController.swift */; };
		D4496C59209A1834005ADA9D /* Assets.xcassets in Resources */ = {isa = PBXBuildFile; fileRef = D4496C58209A1834005ADA9D /* Assets.xcassets */; };
		D4496C5C209A1834005ADA9D /* LaunchScreen.storyboard in Resources */ = {isa = PBXBuildFile; fileRef = D4496C5A209A1834005ADA9D /* LaunchScreen.storyboard */; };
		D4496C64209A19A6005ADA9D /* AppState.swift in Sources */ = {isa = PBXBuildFile; fileRef = D4496C63209A19A6005ADA9D /* AppState.swift */; };
		D4496C66209A19C0005ADA9D /* AppStateReducer.swift in Sources */ = {isa = PBXBuildFile; fileRef = D4496C65209A19C0005ADA9D /* AppStateReducer.swift */; };
		D4496C68209A1B6E005ADA9D /* CounterViewController.swift in Sources */ = {isa = PBXBuildFile; fileRef = D4496C67209A1B6E005ADA9D /* CounterViewController.swift */; };
		D4496C6B209A1C31005ADA9D /* CounterView.swift in Sources */ = {isa = PBXBuildFile; fileRef = D4496C6A209A1C31005ADA9D /* CounterView.swift */; };
		D4496C6D209A1D56005ADA9D /* CounterState.swift in Sources */ = {isa = PBXBuildFile; fileRef = D4496C6C209A1D56005ADA9D /* CounterState.swift */; };
		D4496C6F209A1DBB005ADA9D /* CounterActions.swift in Sources */ = {isa = PBXBuildFile; fileRef = D4496C6E209A1DBB005ADA9D /* CounterActions.swift */; };
		D4496C71209A22C9005ADA9D /* StatePersistence.swift in Sources */ = {isa = PBXBuildFile; fileRef = D4496C70209A22C9005ADA9D /* StatePersistence.swift */; };
		D4496C79209A276E005ADA9D /* CounterStateReducerTests.swift in Sources */ = {isa = PBXBuildFile; fileRef = D4496C78209A276E005ADA9D /* CounterStateReducerTests.swift */; };
		D4496C81209A285D005ADA9D /* CounterViewControllerTests.swift in Sources */ = {isa = PBXBuildFile; fileRef = D4496C80209A285D005ADA9D /* CounterViewControllerTests.swift */; };
		D4496C83209A2A2B005ADA9D /* LoggingMiddleware.swift in Sources */ = {isa = PBXBuildFile; fileRef = D4496C82209A2A2B005ADA9D /* LoggingMiddleware.swift */; };
/* End PBXBuildFile section */

/* Begin PBXContainerItemProxy section */
		D4496C7B209A276E005ADA9D /* PBXContainerItemProxy */ = {
			isa = PBXContainerItemProxy;
			containerPortal = D4496C46209A1833005ADA9D /* Project object */;
			proxyType = 1;
			remoteGlobalIDString = D4496C4D209A1833005ADA9D;
			remoteInfo = "ReSwift-Example";
		};
/* End PBXContainerItemProxy section */

/* Begin PBXFileReference section */
		26211C99B47828C9C322B065 /* Pods-ReSwift-Example.release.xcconfig */ = {isa = PBXFileReference; includeInIndex = 1; lastKnownFileType = text.xcconfig; name = "Pods-ReSwift-Example.release.xcconfig"; path = "Pods/Target Support Files/Pods-ReSwift-Example/Pods-ReSwift-Example.release.xcconfig"; sourceTree = "<group>"; };
		33582C019D1E693A31D553DD /* Pods-ReSwift-Example.debug.xcconfig */ = {isa = PBXFileReference; includeInIndex = 1; lastKnownFileType = text.xcconfig; name = "Pods-ReSwift-Example.debug.xcconfig"; path = "Pods/Target Support Files/Pods-ReSwift-Example/Pods-ReSwift-Example.debug.xcconfig"; sourceTree = "<group>"; };
		4602B3693C9B6488CB35C3AF /* Pods-ReSwift-ExampleTests.release.xcconfig */ = {isa = PBXFileReference; includeInIndex = 1; lastKnownFileType = text.xcconfig; name = "Pods-ReSwift-ExampleTests.release.xcconfig"; path = "Pods/Target Support Files/Pods-ReSwift-ExampleTests/Pods-ReSwift-ExampleTests.release.xcconfig"; sourceTree = "<group>"; };
		A38B08431C9B638A63299696 /* libPods-ReSwift-Example.a */ = {isa = PBXFileReference; explicitFileType = archive.ar; includeInIndex = 0; path = "libPods-ReSwift-Example.a"; sourceTree = BUILT_PRODUCTS_DIR; };
		D4496C4E209A1833005ADA9D /* ReSwift-Example.app */ = {isa = PBXFileReference; explicitFileType = wrapper.application; includeInIndex = 0; path = "ReSwift-Example.app"; sourceTree = BUILT_PRODUCTS_DIR; };
		D4496C51209A1833005ADA9D /* AppDelegate.swift */ = {isa = PBXFileReference; lastKnownFileType = sourcecode.swift; path = AppDelegate.swift; sourceTree = "<group>"; };
		D4496C53209A1833005ADA9D /* ViewController.swift */ = {isa = PBXFileReference; lastKnownFileType = sourcecode.swift; path = ViewController.swift; sourceTree = "<group>"; };
		D4496C58209A1834005ADA9D /* Assets.xcassets */ = {isa = PBXFileReference; lastKnownFileType = folder.assetcatalog; path = Assets.xcassets; sourceTree = "<group>"; };
		D4496C5B209A1834005ADA9D /* Base */ = {isa = PBXFileReference; lastKnownFileType = file.storyboard; name = Base; path = Base.lproj/LaunchScreen.storyboard; sourceTree = "<group>"; };
		D4496C5D209A1834005ADA9D /* Info.plist */ = {isa = PBXFileReference; lastKnownFileType = text.plist.xml; path = Info.plist; sourceTree = "<group>"; };
		D4496C63209A19A6005ADA9D /* AppState.swift */ = {isa = PBXFileReference; lastKnownFileType = sourcecode.swift; path = AppState.swift; sourceTree = "<group>"; };
		D4496C65209A19C0005ADA9D /* AppStateReducer.swift */ = {isa = PBXFileReference; lastKnownFileType = sourcecode.swift; path = AppStateReducer.swift; sourceTree = "<group>"; };
		D4496C67209A1B6E005ADA9D /* CounterViewController.swift */ = {isa = PBXFileReference; lastKnownFileType = sourcecode.swift; path = CounterViewController.swift; sourceTree = "<group>"; };
		D4496C6A209A1C31005ADA9D /* CounterView.swift */ = {isa = PBXFileReference; lastKnownFileType = sourcecode.swift; path = CounterView.swift; sourceTree = "<group>"; };
		D4496C6C209A1D56005ADA9D /* CounterState.swift */ = {isa = PBXFileReference; lastKnownFileType = sourcecode.swift; path = CounterState.swift; sourceTree = "<group>"; };
		D4496C6E209A1DBB005ADA9D /* CounterActions.swift */ = {isa = PBXFileReference; lastKnownFileType = sourcecode.swift; path = CounterActions.swift; sourceTree = "<group>"; };
		D4496C70209A22C9005ADA9D /* StatePersistence.swift */ = {isa = PBXFileReference; lastKnownFileType = sourcecode.swift; path = StatePersistence.swift; sourceTree = "<group>"; };
		D4496C76209A276E005ADA9D /* ReSwift-ExampleTests.xctest */ = {isa = PBXFileReference; explicitFileType = wrapper.cfbundle; includeInIndex = 0; path = "ReSwift-ExampleTests.xctest"; sourceTree = BUILT_PRODUCTS_DIR; };
		D4496C78209A276E005ADA9D /* CounterStateReducerTests.swift */ = {isa = PBXFileReference; lastKnownFileType = sourcecode.swift; path = CounterStateReducerTests.swift; sourceTree = "<group>"; };
		D4496C7A209A276E005ADA9D /* Info.plist */ = {isa = PBXFileReference; lastKnownFileType = text.plist.xml; path = Info.plist; sourceTree = "<group>"; };
		D4496C80209A285D005ADA9D /* CounterViewControllerTests.swift */ = {isa = PBXFileReference; lastKnownFileType = sourcecode.swift; path = CounterViewControllerTests.swift; sourceTree = "<group>"; };
		D4496C82209A2A2B005ADA9D /* LoggingMiddleware.swift */ = {isa = PBXFileReference; lastKnownFileType = sourcecode.swift; path = LoggingMiddleware.swift; sourceTree = "<group>"; };
		FB7BE23AF94573EF2602E498 /* Pods-ReSwift-ExampleTests.debug.xcconfig */ = {isa = PBXFileReference; includeInIndex = 1; lastKnownFileType = text.xcconfig; name = "Pods-ReSwift-ExampleTests.debug.xcconfig"; path = "Pods/Target Support Files/Pods-ReSwift-ExampleTests/Pods-ReSwift-ExampleTests.debug.xcconfig"; sourceTree = "<group>"; };
		FB81074E947C34AECD3EAAA4 /* libPods-ReSwift-ExampleTests.a */ = {isa = PBXFileReference; explicitFileType = archive.ar; includeInIndex = 0; path = "libPods-ReSwift-ExampleTests.a"; sourceTree = BUILT_PRODUCTS_DIR; };
/* End PBXFileReference section */

/* Begin PBXFrameworksBuildPhase section */
		D4496C4B209A1833005ADA9D /* Frameworks */ = {
			isa = PBXFrameworksBuildPhase;
			buildActionMask = 2147483647;
			files = (
				36789D40E1F2CA12D4F00F3E /* libPods-ReSwift-Example.a in Frameworks */,
			);
			runOnlyForDeploymentPostprocessing = 0;
		};
		D4496C73209A276E005ADA9D /* Frameworks */ = {
			isa = PBXFrameworksBuildPhase;
			buildActionMask = 2147483647;
			files = (
				4C48D5D87238CFE318392A61 /* libPods-ReSwift-ExampleTests.a in Frameworks */,
			);
			runOnlyForDeploymentPostprocessing = 0;
		};
/* End PBXFrameworksBuildPhase section */

/* Begin PBXGroup section */
		0E8B2CBD1675C31E28EE346E /* Frameworks */ = {
			isa = PBXGroup;
			children = (
				A38B08431C9B638A63299696 /* libPods-ReSwift-Example.a */,
				FB81074E947C34AECD3EAAA4 /* libPods-ReSwift-ExampleTests.a */,
			);
			name = Frameworks;
			sourceTree = "<group>";
		};
		2D04CC04DD692494551D7B8E /* Pods */ = {
			isa = PBXGroup;
			children = (
				33582C019D1E693A31D553DD /* Pods-ReSwift-Example.debug.xcconfig */,
				26211C99B47828C9C322B065 /* Pods-ReSwift-Example.release.xcconfig */,
				FB7BE23AF94573EF2602E498 /* Pods-ReSwift-ExampleTests.debug.xcconfig */,
				4602B3693C9B6488CB35C3AF /* Pods-ReSwift-ExampleTests.release.xcconfig */,
			);
			name = Pods;
			sourceTree = "<group>";
		};
		D4496C45209A1833005ADA9D = {
			isa = PBXGroup;
			children = (
				D4496C50209A1833005ADA9D /* ReSwift-Example */,
				D4496C77209A276E005ADA9D /* ReSwift-ExampleTests */,
				D4496C4F209A1833005ADA9D /* Products */,
				2D04CC04DD692494551D7B8E /* Pods */,
				0E8B2CBD1675C31E28EE346E /* Frameworks */,
			);
			sourceTree = "<group>";
		};
		D4496C4F209A1833005ADA9D /* Products */ = {
			isa = PBXGroup;
			children = (
				D4496C4E209A1833005ADA9D /* ReSwift-Example.app */,
				D4496C76209A276E005ADA9D /* ReSwift-ExampleTests.xctest */,
			);
			name = Products;
			sourceTree = "<group>";
		};
		D4496C50209A1833005ADA9D /* ReSwift-Example */ = {
			isa = PBXGroup;
			children = (
				D4496C51209A1833005ADA9D /* AppDelegate.swift */,
				D4496C53209A1833005ADA9D /* ViewController.swift */,
				D4496C69209A1BEF005ADA9D /* Counter */,
				D4496C58209A1834005ADA9D /* Assets.xcassets */,
				D4496C5A209A1834005ADA9D /* LaunchScreen.storyboard */,
				D4496C5D209A1834005ADA9D /* Info.plist */,
				D4496C63209A19A6005ADA9D /* AppState.swift */,
				D4496C65209A19C0005ADA9D /* AppStateReducer.swift */,
				D4496C70209A22C9005ADA9D /* StatePersistence.swift */,
				D4496C82209A2A2B005ADA9D /* LoggingMiddleware.swift */,
			);
			path = "ReSwift-Example";
			sourceTree = "<group>";
		};
		D4496C69209A1BEF005ADA9D /* Counter */ = {
			isa = PBXGroup;
			children = (
				D4496C67209A1B6E005ADA9D /* CounterViewController.swift */,
				D4496C6A209A1C31005ADA9D /* CounterView.swift */,
				D4496C6C209A1D56005ADA9D /* CounterState.swift */,
				D4496C6E209A1DBB005ADA9D /* CounterActions.swift */,
			);
			path = Counter;
			sourceTree = "<group>";
		};
		D4496C77209A276E005ADA9D /* ReSwift-ExampleTests */ = {
			isa = PBXGroup;
			children = (
				D4496C78209A276E005ADA9D /* CounterStateReducerTests.swift */,
				D4496C80209A285D005ADA9D /* CounterViewControllerTests.swift */,
				D4496C7A209A276E005ADA9D /* Info.plist */,
			);
			path = "ReSwift-ExampleTests";
			sourceTree = "<group>";
		};
/* End PBXGroup section */

/* Begin PBXNativeTarget section */
		D4496C4D209A1833005ADA9D /* ReSwift-Example */ = {
			isa = PBXNativeTarget;
			buildConfigurationList = D4496C60209A1834005ADA9D /* Build configuration list for PBXNativeTarget "ReSwift-Example" */;
			buildPhases = (
				38F5AE2BD6709013B553865E /* [CP] Check Pods Manifest.lock */,
				D4496C4A209A1833005ADA9D /* Sources */,
				D4496C4B209A1833005ADA9D /* Frameworks */,
				D4496C4C209A1833005ADA9D /* Resources */,
			);
			buildRules = (
			);
			dependencies = (
			);
			name = "ReSwift-Example";
			productName = "ReSwift-Example";
			productReference = D4496C4E209A1833005ADA9D /* ReSwift-Example.app */;
			productType = "com.apple.product-type.application";
		};
		D4496C75209A276E005ADA9D /* ReSwift-ExampleTests */ = {
			isa = PBXNativeTarget;
			buildConfigurationList = D4496C7D209A276E005ADA9D /* Build configuration list for PBXNativeTarget "ReSwift-ExampleTests" */;
			buildPhases = (
				B94D29E2BEA150BB1713BAA3 /* [CP] Check Pods Manifest.lock */,
				D4496C72209A276E005ADA9D /* Sources */,
				D4496C73209A276E005ADA9D /* Frameworks */,
				D4496C74209A276E005ADA9D /* Resources */,
			);
			buildRules = (
			);
			dependencies = (
				D4496C7C209A276E005ADA9D /* PBXTargetDependency */,
			);
			name = "ReSwift-ExampleTests";
			productName = "ReSwift-ExampleTests";
			productReference = D4496C76209A276E005ADA9D /* ReSwift-ExampleTests.xctest */;
			productType = "com.apple.product-type.bundle.unit-test";
		};
/* End PBXNativeTarget section */

/* Begin PBXProject section */
		D4496C46209A1833005ADA9D /* Project object */ = {
			isa = PBXProject;
			attributes = {
				LastSwiftUpdateCheck = 0930;
				LastUpgradeCheck = 0930;
				ORGANIZATIONNAME = ReSwift;
				TargetAttributes = {
					D4496C4D209A1833005ADA9D = {
						CreatedOnToolsVersion = 9.3;
					};
					D4496C75209A276E005ADA9D = {
						CreatedOnToolsVersion = 9.3;
						TestTargetID = D4496C4D209A1833005ADA9D;
					};
				};
			};
			buildConfigurationList = D4496C49209A1833005ADA9D /* Build configuration list for PBXProject "ReSwift-Example" */;
			compatibilityVersion = "Xcode 9.3";
			developmentRegion = en;
			hasScannedForEncodings = 0;
			knownRegions = (
				en,
				Base,
			);
			mainGroup = D4496C45209A1833005ADA9D;
			productRefGroup = D4496C4F209A1833005ADA9D /* Products */;
			projectDirPath = "";
			projectRoot = "";
			targets = (
				D4496C4D209A1833005ADA9D /* ReSwift-Example */,
				D4496C75209A276E005ADA9D /* ReSwift-ExampleTests */,
			);
		};
/* End PBXProject section */

/* Begin PBXResourcesBuildPhase section */
		D4496C4C209A1833005ADA9D /* Resources */ = {
			isa = PBXResourcesBuildPhase;
			buildActionMask = 2147483647;
			files = (
				D4496C5C209A1834005ADA9D /* LaunchScreen.storyboard in Resources */,
				D4496C59209A1834005ADA9D /* Assets.xcassets in Resources */,
			);
			runOnlyForDeploymentPostprocessing = 0;
		};
		D4496C74209A276E005ADA9D /* Resources */ = {
			isa = PBXResourcesBuildPhase;
			buildActionMask = 2147483647;
			files = (
			);
			runOnlyForDeploymentPostprocessing = 0;
		};
/* End PBXResourcesBuildPhase section */

/* Begin PBXShellScriptBuildPhase section */
		38F5AE2BD6709013B553865E /* [CP] Check Pods Manifest.lock */ = {
			isa = PBXShellScriptBuildPhase;
			buildActionMask = 2147483647;
			files = (
			);
			inputPaths = (
				"${PODS_PODFILE_DIR_PATH}/Podfile.lock",
				"${PODS_ROOT}/Manifest.lock",
			);
			name = "[CP] Check Pods Manifest.lock";
			outputPaths = (
				"$(DERIVED_FILE_DIR)/Pods-ReSwift-Example-checkManifestLockResult.txt",
			);
			runOnlyForDeploymentPostprocessing = 0;
			shellPath = /bin/sh;
			shellScript = "diff \"${PODS_PODFILE_DIR_PATH}/Podfile.lock\" \"${PODS_ROOT}/Manifest.lock\" > /dev/null\nif [ $? != 0 ] ; then\n    # print error to STDERR\n    echo \"error: The sandbox is not in sync with the Podfile.lock. Run 'pod install' or update your CocoaPods installation.\" >&2\n    exit 1\nfi\n# This output is used by Xcode 'outputs' to avoid re-running this script phase.\necho \"SUCCESS\" > \"${SCRIPT_OUTPUT_FILE_0}\"\n";
			showEnvVarsInLog = 0;
		};
		B94D29E2BEA150BB1713BAA3 /* [CP] Check Pods Manifest.lock */ = {
			isa = PBXShellScriptBuildPhase;
			buildActionMask = 2147483647;
			files = (
			);
			inputPaths = (
				"${PODS_PODFILE_DIR_PATH}/Podfile.lock",
				"${PODS_ROOT}/Manifest.lock",
			);
			name = "[CP] Check Pods Manifest.lock";
			outputPaths = (
				"$(DERIVED_FILE_DIR)/Pods-ReSwift-ExampleTests-checkManifestLockResult.txt",
			);
			runOnlyForDeploymentPostprocessing = 0;
			shellPath = /bin/sh;
			shellScript = "diff \"${PODS_PODFILE_DIR_PATH}/Podfile.lock\" \"${PODS_ROOT}/Manifest.lock\" > /dev/null\nif [ $? != 0 ] ; then\n    # print error to STDERR\n    echo \"error: The sandbox is not in sync with the Podfile.lock. Run 'pod install' or update your CocoaPods installation.\" >&2\n    exit 1\nfi\n# This output is used by Xcode 'outputs' to avoid re-running this script phase.\necho \"SUCCESS\" > \"${SCRIPT_OUTPUT_FILE_0}\"\n";
			showEnvVarsInLog = 0;
		};
/* End PBXShellScriptBuildPhase section */

/* Begin PBXSourcesBuildPhase section */
		D4496C4A209A1833005ADA9D /* Sources */ = {
			isa = PBXSourcesBuildPhase;
			buildActionMask = 2147483647;
			files = (
				D4496C6F209A1DBB005ADA9D /* CounterActions.swift in Sources */,
				D4496C68209A1B6E005ADA9D /* CounterViewController.swift in Sources */,
				D4496C66209A19C0005ADA9D /* AppStateReducer.swift in Sources */,
				D4496C64209A19A6005ADA9D /* AppState.swift in Sources */,
				D4496C54209A1833005ADA9D /* ViewController.swift in Sources */,
				D4496C52209A1833005ADA9D /* AppDelegate.swift in Sources */,
				D4496C6D209A1D56005ADA9D /* CounterState.swift in Sources */,
				D4496C71209A22C9005ADA9D /* StatePersistence.swift in Sources */,
				D4496C6B209A1C31005ADA9D /* CounterView.swift in Sources */,
				D4496C83209A2A2B005ADA9D /* LoggingMiddleware.swift in Sources */,
			);
			runOnlyForDeploymentPostprocessing = 0;
		};
		D4496C72209A276E005ADA9D /* Sources */ = {
			isa = PBXSourcesBuildPhase;
			buildActionMask = 2147483647;
			files = (
				D4496C81209A285D005ADA9D /* CounterViewControllerTests.swift in Sources */,
				D4496C79209A276E005ADA9D /* CounterStateReducerTests.swift in Sources */,
			);
			runOnlyForDeploymentPostprocessing = 0;
		};
/* End PBXSourcesBuildPhase section */

/* Begin PBXTargetDependency section */
		D4496C7C209A276E005ADA9D /* PBXTargetDependency */ = {
			isa = PBXTargetDependency;
			target = D4496C4D209A1833005ADA9D /* ReSwift-Example */;
			targetProxy = D4496C7B209A276E005ADA9D /* PBXContainerItemProxy */;
		};
/* End PBXTargetDependency section */

/* Begin PBXVariantGroup section */
		D4496C5A209A1834005ADA9D /* LaunchScreen.storyboard */ = {
			isa = PBXVariantGroup;
			children = (
				D4496C5B209A1834005ADA9D /* Base */,
			);
			name = LaunchScreen.storyboard;
			sourceTree = "<group>";
		};
/* End PBXVariantGroup section */

/* Begin XCBuildConfiguration section */
		D4496C5E209A1834005ADA9D /* Debug */ = {
			isa = XCBuildConfiguration;
			buildSettings = {
				ALWAYS_SEARCH_USER_PATHS = NO;
				CLANG_ANALYZER_NONNULL = YES;
				CLANG_ANALYZER_NUMBER_OBJECT_CONVERSION = YES_AGGRESSIVE;
				CLANG_CXX_LANGUAGE_STANDARD = "gnu++14";
				CLANG_CXX_LIBRARY = "libc++";
				CLANG_ENABLE_MODULES = YES;
				CLANG_ENABLE_OBJC_ARC = YES;
				CLANG_ENABLE_OBJC_WEAK = YES;
				CLANG_WARN_BLOCK_CAPTURE_AUTORELEASING = YES;
				CLANG_WARN_BOOL_CONVERSION = YES;
				CLANG_WARN_COMMA = YES;
				CLANG_WARN_CONSTANT_CONVERSION = YES;
				CLANG_WARN_DEPRECATED_OBJC_IMPLEMENTATIONS = YES;
				CLANG_WARN_DIRECT_OBJC_ISA_USAGE = YES_ERROR;
				CLANG_WARN_DOCUMENTATION_COMMENTS = YES;
				CLANG_WARN_EMPTY_BODY = YES;
				CLANG_WARN_ENUM_CONVERSION = YES;
				CLANG_WARN_INFINITE_RECURSION = YES;
				CLANG_WARN_INT_CONVERSION = YES;
				CLANG_WARN_NON_LITERAL_NULL_CONVERSION = YES;
				CLANG_WARN_OBJC_IMPLICIT_RETAIN_SELF = YES;
				CLANG_WARN_OBJC_LITERAL_CONVERSION = YES;
				CLANG_WARN_OBJC_ROOT_CLASS = YES_ERROR;
				CLANG_WARN_RANGE_LOOP_ANALYSIS = YES;
				CLANG_WARN_STRICT_PROTOTYPES = YES;
				CLANG_WARN_SUSPICIOUS_MOVE = YES;
				CLANG_WARN_UNGUARDED_AVAILABILITY = YES_AGGRESSIVE;
				CLANG_WARN_UNREACHABLE_CODE = YES;
				CLANG_WARN__DUPLICATE_METHOD_MATCH = YES;
				CODE_SIGN_IDENTITY = "iPhone Developer";
				COPY_PHASE_STRIP = NO;
				DEBUG_INFORMATION_FORMAT = dwarf;
				ENABLE_STRICT_OBJC_MSGSEND = YES;
				ENABLE_TESTABILITY = YES;
				GCC_C_LANGUAGE_STANDARD = gnu11;
				GCC_DYNAMIC_NO_PIC = NO;
				GCC_NO_COMMON_BLOCKS = YES;
				GCC_OPTIMIZATION_LEVEL = 0;
				GCC_PREPROCESSOR_DEFINITIONS = (
					"DEBUG=1",
					"$(inherited)",
				);
				GCC_WARN_64_TO_32_BIT_CONVERSION = YES;
				GCC_WARN_ABOUT_RETURN_TYPE = YES_ERROR;
				GCC_WARN_UNDECLARED_SELECTOR = YES;
				GCC_WARN_UNINITIALIZED_AUTOS = YES_AGGRESSIVE;
				GCC_WARN_UNUSED_FUNCTION = YES;
				GCC_WARN_UNUSED_VARIABLE = YES;
				IPHONEOS_DEPLOYMENT_TARGET = 11.3;
				MTL_ENABLE_DEBUG_INFO = YES;
				ONLY_ACTIVE_ARCH = YES;
				SDKROOT = iphoneos;
				SWIFT_ACTIVE_COMPILATION_CONDITIONS = DEBUG;
				SWIFT_OPTIMIZATION_LEVEL = "-Onone";
			};
			name = Debug;
		};
		D4496C5F209A1834005ADA9D /* Release */ = {
			isa = XCBuildConfiguration;
			buildSettings = {
				ALWAYS_SEARCH_USER_PATHS = NO;
				CLANG_ANALYZER_NONNULL = YES;
				CLANG_ANALYZER_NUMBER_OBJECT_CONVERSION = YES_AGGRESSIVE;
				CLANG_CXX_LANGUAGE_STANDARD = "gnu++14";
				CLANG_CXX_LIBRARY = "libc++";
				CLANG_ENABLE_MODULES = YES;
				CLANG_ENABLE_OBJC_ARC = YES;
				CLANG_ENABLE_OBJC_WEAK = YES;
				CLANG_WARN_BLOCK_CAPTURE_AUTORELEASING = YES;
				CLANG_WARN_BOOL_CONVERSION = YES;
				CLANG_WARN_COMMA = YES;
				CLANG_WARN_CONSTANT_CONVERSION = YES;
				CLANG_WARN_DEPRECATED_OBJC_IMPLEMENTATIONS = YES;
				CLANG_WARN_DIRECT_OBJC_ISA_USAGE = YES_ERROR;
				CLANG_WARN_DOCUMENTATION_COMMENTS = YES;
				CLANG_WARN_EMPTY_BODY = YES;
				CLANG_WARN_ENUM_CONVERSION = YES;
				CLANG_WARN_INFINITE_RECURSION = YES;
				CLANG_WARN_INT_CONVERSION = YES;
				CLANG_WARN_NON_LITERAL_NULL_CONVERSION = YES;
				CLANG_WARN_OBJC_IMPLICIT_RETAIN_SELF = YES;
				CLANG_WARN_OBJC_LITERAL_CONVERSION = YES;
				CLANG_WARN_OBJC_ROOT_CLASS = YES_ERROR;
				CLANG_WARN_RANGE_LOOP_ANALYSIS = YES;
				CLANG_WARN_STRICT_PROTOTYPES = YES;
				CLANG_WARN_SUSPICIOUS_MOVE = YES;
				CLANG_WARN_UNGUARDED_AVAILABILITY = YES_AGGRESSIVE;
				CLANG_WARN_UNREACHABLE_CODE = YES;
				CLANG_WARN__DUPLICATE_METHOD_MATCH = YES;
				CODE_SIGN_IDENTITY = "iPhone Developer";
				COPY_PHASE_STRIP = NO;
				DEBUG_INFORMATION_FORMAT = "dwarf-with-dsym";
				ENABLE_NS_ASSERTIONS = NO;
				ENABLE_STRICT_OBJC_MSGSEND = YES;
				GCC_C_LANGUAGE_STANDARD = gnu11;
				GCC_NO_COMMON_BLOCKS = YES;
				GCC_WARN_64_TO_32_BIT_CONVERSION = YES;
				GCC_WARN_ABOUT_RETURN_TYPE = YES_ERROR;
				GCC_WARN_UNDECLARED_SELECTOR = YES;
				GCC_WARN_UNINITIALIZED_AUTOS = YES_AGGRESSIVE;
				GCC_WARN_UNUSED_FUNCTION = YES;
				GCC_WARN_UNUSED_VARIABLE = YES;
				IPHONEOS_DEPLOYMENT_TARGET = 11.3;
				MTL_ENABLE_DEBUG_INFO = NO;
				SDKROOT = iphoneos;
				SWIFT_COMPILATION_MODE = wholemodule;
				SWIFT_OPTIMIZATION_LEVEL = "-O";
				VALIDATE_PRODUCT = YES;
			};
			name = Release;
		};
		D4496C61209A1834005ADA9D /* Debug */ = {
			isa = XCBuildConfiguration;
			baseConfigurationReference = 33582C019D1E693A31D553DD /* Pods-ReSwift-Example.debug.xcconfig */;
			buildSettings = {
				ASSETCATALOG_COMPILER_APPICON_NAME = AppIcon;
				CODE_SIGN_STYLE = Automatic;
				INFOPLIST_FILE = "ReSwift-Example/Info.plist";
				LD_RUNPATH_SEARCH_PATHS = (
					"$(inherited)",
					"@executable_path/Frameworks",
				);
				PRODUCT_BUNDLE_IDENTIFIER = "reswift.github.io.ReSwift-Example";
				PRODUCT_NAME = "$(TARGET_NAME)";
				SWIFT_VERSION = 4.0;
				TARGETED_DEVICE_FAMILY = "1,2";
			};
			name = Debug;
		};
		D4496C62209A1834005ADA9D /* Release */ = {
			isa = XCBuildConfiguration;
			baseConfigurationReference = 26211C99B47828C9C322B065 /* Pods-ReSwift-Example.release.xcconfig */;
			buildSettings = {
				ASSETCATALOG_COMPILER_APPICON_NAME = AppIcon;
				CODE_SIGN_STYLE = Automatic;
				INFOPLIST_FILE = "ReSwift-Example/Info.plist";
				LD_RUNPATH_SEARCH_PATHS = (
					"$(inherited)",
					"@executable_path/Frameworks",
				);
				PRODUCT_BUNDLE_IDENTIFIER = "reswift.github.io.ReSwift-Example";
				PRODUCT_NAME = "$(TARGET_NAME)";
				SWIFT_VERSION = 4.0;
				TARGETED_DEVICE_FAMILY = "1,2";
			};
			name = Release;
		};
		D4496C7E209A276E005ADA9D /* Debug */ = {
			isa = XCBuildConfiguration;
			baseConfigurationReference = FB7BE23AF94573EF2602E498 /* Pods-ReSwift-ExampleTests.debug.xcconfig */;
			buildSettings = {
				BUNDLE_LOADER = "$(TEST_HOST)";
				CODE_SIGN_STYLE = Automatic;
				INFOPLIST_FILE = "ReSwift-ExampleTests/Info.plist";
				LD_RUNPATH_SEARCH_PATHS = (
					"$(inherited)",
					"@executable_path/Frameworks",
					"@loader_path/Frameworks",
				);
				PRODUCT_BUNDLE_IDENTIFIER = "reswift.github.io.ReSwift-ExampleTests";
				PRODUCT_NAME = "$(TARGET_NAME)";
				SWIFT_VERSION = 4.0;
				TARGETED_DEVICE_FAMILY = "1,2";
				TEST_HOST = "$(BUILT_PRODUCTS_DIR)/ReSwift-Example.app/ReSwift-Example";
			};
			name = Debug;
		};
		D4496C7F209A276E005ADA9D /* Release */ = {
			isa = XCBuildConfiguration;
			baseConfigurationReference = 4602B3693C9B6488CB35C3AF /* Pods-ReSwift-ExampleTests.release.xcconfig */;
			buildSettings = {
				BUNDLE_LOADER = "$(TEST_HOST)";
				CODE_SIGN_STYLE = Automatic;
				INFOPLIST_FILE = "ReSwift-ExampleTests/Info.plist";
				LD_RUNPATH_SEARCH_PATHS = (
					"$(inherited)",
					"@executable_path/Frameworks",
					"@loader_path/Frameworks",
				);
				PRODUCT_BUNDLE_IDENTIFIER = "reswift.github.io.ReSwift-ExampleTests";
				PRODUCT_NAME = "$(TARGET_NAME)";
				SWIFT_VERSION = 4.0;
				TARGETED_DEVICE_FAMILY = "1,2";
				TEST_HOST = "$(BUILT_PRODUCTS_DIR)/ReSwift-Example.app/ReSwift-Example";
			};
			name = Release;
		};
/* End XCBuildConfiguration section */

/* Begin XCConfigurationList section */
		D4496C49209A1833005ADA9D /* Build configuration list for PBXProject "ReSwift-Example" */ = {
			isa = XCConfigurationList;
			buildConfigurations = (
				D4496C5E209A1834005ADA9D /* Debug */,
				D4496C5F209A1834005ADA9D /* Release */,
			);
			defaultConfigurationIsVisible = 0;
			defaultConfigurationName = Release;
		};
		D4496C60209A1834005ADA9D /* Build configuration list for PBXNativeTarget "ReSwift-Example" */ = {
			isa = XCConfigurationList;
			buildConfigurations = (
				D4496C61209A1834005ADA9D /* Debug */,
				D4496C62209A1834005ADA9D /* Release */,
			);
			defaultConfigurationIsVisible = 0;
			defaultConfigurationName = Release;
		};
		D4496C7D209A276E005ADA9D /* Build configuration list for PBXNativeTarget "ReSwift-ExampleTests" */ = {
			isa = XCConfigurationList;
			buildConfigurations = (
				D4496C7E209A276E005ADA9D /* Debug */,
				D4496C7F209A276E005ADA9D /* Release */,
			);
			defaultConfigurationIsVisible = 0;
			defaultConfigurationName = Release;
		};
/* End XCConfigurationList section */
	};
	rootObject = D4496C46209A1833005ADA9D /* Project object */;
}
